github.com/google/uuid v1.2.0 h1:qJYtXnJRWmpe7m/3XlyhrsLrEURqHRM2kxzoxXqyUDs=
github.com/google/uuid v1.2.0/go.mod h1:TIyPZe4MgqvfeYDBFedMoGGpEw/LqOeaOT+nhxU+yHo=
github.com/philohsophy/blockchain-models v0.1.0-alpha2 h1:NBDBwWV0gV/ZbfaS0Gjb+8n2H6VegMhr9wi3XsqUHqw=
github.com/philohsophy/blockchain-models v0.1.0-alpha2/go.mod h1:TciK+wbehNmfOis1pAG09/uIoDh3Wwm6I1wMCgbErw4=
